
Microsoft Visual Studio Solution File, Format Version 12.00
# Visual Studio Version 17
VisualStudioVersion = 17.4.33103.184
MinimumVisualStudioVersion = 10.0.40219.1
Project("{8BC9CEB8-8B4A-11D0-8D11-00A0C91BC942}") = "siaod5 2part", "siaod5 2part\siaod5 2part.vcxproj", "{A44C8106-0FAF-4982-997C-35BA629FDD27}"
EndProject
Project("{2150E333-8FDC-42A3-9474-1A3956D46DE8}") = "Элементы решения", "Элементы решения", "{014B004E-27B5-48C8-A1A9-BFB517E0524B}"
EndProject
Global
	GlobalSection(SolutionConfigurationPlatforms) = preSolution
		Debug|x64 = Debug|x64
		Debug|x86 = Debug|x86
		Release|x64 = Release|x64
		Release|x86 = Release|x86
	EndGlobalSection
	GlobalSection(ProjectConfigurationPlatforms) = postSolution
		{A44C8106-0FAF-4982-997C-35BA629FDD27}.Debug|x64.ActiveCfg = Debug|x64
		{A44C8106-0FAF-4982-997C-35BA629FDD27}.Debug|x64.Build.0 = Debug|x64
		{A44C8106-0FAF-4982-997C-35BA629FDD27}.Debug|x86.ActiveCfg = Debug|Win32
		{A44C8106-0FAF-4982-997C-35BA629FDD27}.Debug|x86.Build.0 = Debug|Win32
		{A44C8106-0FAF-4982-997C-35BA629FDD27}.Release|x64.ActiveCfg = Release|x64
		{A44C8106-0FAF-4982-997C-35BA629FDD27}.Release|x64.Build.0 = Release|x64
		{A44C8106-0FAF-4982-997C-35BA629FDD27}.Release|x86.ActiveCfg = Release|Win32
		{A44C8106-0FAF-4982-997C-35BA629FDD27}.Release|x86.Build.0 = Release|Win32
	EndGlobalSection
	GlobalSection(SolutionProperties) = preSolution
		HideSolutionNode = FALSE
	EndGlobalSection
	GlobalSection(ExtensibilityGlobals) = postSolution
		SolutionGuid = {9966C450-F806-4DC7-BB72-C8AAFB4D3A8C}
	EndGlobalSection
EndGlobal
